
Microsoft Visual Studio Solution File, Format Version 12.00
# Visual Studio 15
VisualStudioVersion = 15.0.28307.168
MinimumVisualStudioVersion = 10.0.40219.1
Project("{FAE04EC0-301F-11D3-BF4B-00C04F79EFBC}") = "Aplicativo do Console I", "Aplicativo do Console I\Aplicativo do Console I.csproj", "{D3648320-FA10-490C-9858-AB7D5780DBDF}"
EndProject
Global
	GlobalSection(SolutionConfigurationPlatforms) = preSolution
		Debug|Any CPU = Debug|Any CPU
		Release|Any CPU = Release|Any CPU
	EndGlobalSection
	GlobalSection(ProjectConfigurationPlatforms) = postSolution
		{D3648320-FA10-490C-9858-AB7D5780DBDF}.Debug|Any CPU.ActiveCfg = Debug|Any CPU
		{D3648320-FA10-490C-9858-AB7D5780DBDF}.Debug|Any CPU.Build.0 = Debug|Any CPU
		{D3648320-FA10-490C-9858-AB7D5780DBDF}.Release|Any CPU.ActiveCfg = Release|Any CPU
		{D3648320-FA10-490C-9858-AB7D5780DBDF}.Release|Any CPU.Build.0 = Release|Any CPU
	EndGlobalSection
	GlobalSection(SolutionProperties) = preSolution
		HideSolutionNode = FALSE
	EndGlobalSection
	GlobalSection(ExtensibilityGlobals) = postSolution
		SolutionGuid = {EB684D4B-E701-44BB-9446-753A84758714}
	EndGlobalSection
EndGlobal
